
Microsoft Visual Studio Solution File, Format Version 12.00
# Visual Studio 15
VisualStudioVersion = 15.0.27428.2037
MinimumVisualStudioVersion = 10.0.40219.1
Project("{FAE04EC0-301F-11D3-BF4B-00C04F79EFBC}") = "439Project", "439Project\439Project.csproj", "{6B1C85FD-0294-4923-B5AB-EC6DBE36C9FB}"
EndProject
Global
	GlobalSection(SolutionConfigurationPlatforms) = preSolution
		Debug|Any CPU = Debug|Any CPU
		Release|Any CPU = Release|Any CPU
	EndGlobalSection
	GlobalSection(ProjectConfigurationPlatforms) = postSolution
		{6B1C85FD-0294-4923-B5AB-EC6DBE36C9FB}.Debug|Any CPU.ActiveCfg = Debug|Any CPU
		{6B1C85FD-0294-4923-B5AB-EC6DBE36C9FB}.Debug|Any CPU.Build.0 = Debug|Any CPU
		{6B1C85FD-0294-4923-B5AB-EC6DBE36C9FB}.Release|Any CPU.ActiveCfg = Release|Any CPU
		{6B1C85FD-0294-4923-B5AB-EC6DBE36C9FB}.Release|Any CPU.Build.0 = Release|Any CPU
	EndGlobalSection
	GlobalSection(SolutionProperties) = preSolution
		HideSolutionNode = FALSE
	EndGlobalSection
	GlobalSection(ExtensibilityGlobals) = postSolution
		SolutionGuid = {B14030B8-2ADD-4501-A8A1-B486AA70D887}
	EndGlobalSection
EndGlobal
